// !$*UTF8*$!
{
	archiveVersion = 1;
	classes = {
	};
	objectVersion = 50;
	objects = {

/* Begin PBXBuildFile section */
		D07E872422ED12A200B2BF1A /* ResourcePath.mm in Sources */ = {isa = PBXBuildFile; fileRef = D07E872322ED12A200B2BF1A /* ResourcePath.mm */; };
		D07E872722ED12A200B2BF1A /* main.cpp in Sources */ = {isa = PBXBuildFile; fileRef = D07E872622ED12A200B2BF1A /* main.cpp */; };
		D07E872A22ED12A200B2BF1A /* cute_image.jpg in Resources */ = {isa = PBXBuildFile; fileRef = D07E872922ED12A200B2BF1A /* cute_image.jpg */; settings = {ASSET_TAGS = (Resources, ); }; };
		D07E872C22ED12A200B2BF1A /* nice_music.ogg in Resources */ = {isa = PBXBuildFile; fileRef = D07E872B22ED12A200B2BF1A /* nice_music.ogg */; settings = {ASSET_TAGS = (Resources, ); }; };
		D07E872E22ED12A200B2BF1A /* sansation.ttf in Resources */ = {isa = PBXBuildFile; fileRef = D07E872D22ED12A200B2BF1A /* sansation.ttf */; settings = {ASSET_TAGS = (Resources, ); }; };
		D07E873022ED12A200B2BF1A /* icon.png in Resources */ = {isa = PBXBuildFile; fileRef = D07E872F22ED12A200B2BF1A /* icon.png */; settings = {ASSET_TAGS = (Resources, ); }; };
		D07E873A22ED21DB00B2BF1A /* Game.cpp in Sources */ = {isa = PBXBuildFile; fileRef = D07E873822ED21DB00B2BF1A /* Game.cpp */; };
		D07E873E22ED2D3C00B2BF1A /* State.cpp in Sources */ = {isa = PBXBuildFile; fileRef = D07E873C22ED2D3C00B2BF1A /* State.cpp */; };
		D07E874022ED2FB200B2BF1A /* window.ini in Resources */ = {isa = PBXBuildFile; fileRef = D07E873F22ED2FB200B2BF1A /* window.ini */; settings = {ASSET_TAGS = (Config, ); }; };
		D07E874522ED32DC00B2BF1A /* GameState.cpp in Sources */ = {isa = PBXBuildFile; fileRef = D07E874322ED32DC00B2BF1A /* GameState.cpp */; };
		D07E874922ED3C3F00B2BF1A /* Entity.cpp in Sources */ = {isa = PBXBuildFile; fileRef = D07E874722ED3C3F00B2BF1A /* Entity.cpp */; };
		D07E874B22ED566F00B2BF1A /* supported_keys.ini in Resources */ = {isa = PBXBuildFile; fileRef = D07E874A22ED566F00B2BF1A /* supported_keys.ini */; settings = {ASSET_TAGS = (Config, ); }; };
		D07E874D22ED60DE00B2BF1A /* gamestate_keybinds.ini in Resources */ = {isa = PBXBuildFile; fileRef = D07E874C22ED60DE00B2BF1A /* gamestate_keybinds.ini */; settings = {ASSET_TAGS = (Config, ); }; };
		D07E875022ED654900B2BF1A /* mainMenuState.cpp in Sources */ = {isa = PBXBuildFile; fileRef = D07E874E22ED654900B2BF1A /* mainMenuState.cpp */; };
/* End PBXBuildFile section */

/* Begin PBXFileReference section */
		D07E871E22ED12A200B2BF1A /* SFML-RPG.app */ = {isa = PBXFileReference; explicitFileType = wrapper.application; includeInIndex = 0; path = "SFML-RPG.app"; sourceTree = BUILT_PRODUCTS_DIR; };
		D07E872322ED12A200B2BF1A /* ResourcePath.mm */ = {isa = PBXFileReference; lastKnownFileType = sourcecode.cpp.objcpp; path = ResourcePath.mm; sourceTree = "<group>"; };
		D07E872522ED12A200B2BF1A /* ResourcePath.hpp */ = {isa = PBXFileReference; lastKnownFileType = sourcecode.cpp.h; path = ResourcePath.hpp; sourceTree = "<group>"; };
		D07E872622ED12A200B2BF1A /* main.cpp */ = {isa = PBXFileReference; lastKnownFileType = sourcecode.cpp.cpp; path = main.cpp; sourceTree = "<group>"; };
		D07E872922ED12A200B2BF1A /* cute_image.jpg */ = {isa = PBXFileReference; lastKnownFileType = image.jpeg; path = cute_image.jpg; sourceTree = "<group>"; };
		D07E872B22ED12A200B2BF1A /* nice_music.ogg */ = {isa = PBXFileReference; lastKnownFileType = file; path = nice_music.ogg; sourceTree = "<group>"; };
		D07E872D22ED12A200B2BF1A /* sansation.ttf */ = {isa = PBXFileReference; lastKnownFileType = file; path = sansation.ttf; sourceTree = "<group>"; };
		D07E872F22ED12A200B2BF1A /* icon.png */ = {isa = PBXFileReference; lastKnownFileType = image.png; path = icon.png; sourceTree = "<group>"; };
		D07E873822ED21DB00B2BF1A /* Game.cpp */ = {isa = PBXFileReference; lastKnownFileType = sourcecode.cpp.cpp; path = Game.cpp; sourceTree = "<group>"; };
		D07E873922ED21DB00B2BF1A /* Game.hpp */ = {isa = PBXFileReference; lastKnownFileType = sourcecode.cpp.h; path = Game.hpp; sourceTree = "<group>"; };
		D07E873C22ED2D3C00B2BF1A /* State.cpp */ = {isa = PBXFileReference; lastKnownFileType = sourcecode.cpp.cpp; path = State.cpp; sourceTree = "<group>"; };
		D07E873D22ED2D3C00B2BF1A /* State.hpp */ = {isa = PBXFileReference; lastKnownFileType = sourcecode.cpp.h; path = State.hpp; sourceTree = "<group>"; };
		D07E873F22ED2FB200B2BF1A /* window.ini */ = {isa = PBXFileReference; lastKnownFileType = text; path = window.ini; sourceTree = "<group>"; };
		D07E874322ED32DC00B2BF1A /* GameState.cpp */ = {isa = PBXFileReference; lastKnownFileType = sourcecode.cpp.cpp; path = GameState.cpp; sourceTree = "<group>"; };
		D07E874422ED32DC00B2BF1A /* GameState.hpp */ = {isa = PBXFileReference; lastKnownFileType = sourcecode.cpp.h; path = GameState.hpp; sourceTree = "<group>"; };
		D07E874722ED3C3F00B2BF1A /* Entity.cpp */ = {isa = PBXFileReference; lastKnownFileType = sourcecode.cpp.cpp; path = Entity.cpp; sourceTree = "<group>"; };
		D07E874822ED3C3F00B2BF1A /* Entity.hpp */ = {isa = PBXFileReference; lastKnownFileType = sourcecode.cpp.h; path = Entity.hpp; sourceTree = "<group>"; };
		D07E874A22ED566F00B2BF1A /* supported_keys.ini */ = {isa = PBXFileReference; lastKnownFileType = text; path = supported_keys.ini; sourceTree = "<group>"; };
		D07E874C22ED60DE00B2BF1A /* gamestate_keybinds.ini */ = {isa = PBXFileReference; lastKnownFileType = text; path = gamestate_keybinds.ini; sourceTree = "<group>"; };
		D07E874E22ED654900B2BF1A /* mainMenuState.cpp */ = {isa = PBXFileReference; lastKnownFileType = sourcecode.cpp.cpp; path = mainMenuState.cpp; sourceTree = "<group>"; };
		D07E874F22ED654900B2BF1A /* mainMenuState.hpp */ = {isa = PBXFileReference; lastKnownFileType = sourcecode.cpp.h; path = mainMenuState.hpp; sourceTree = "<group>"; };
/* End PBXFileReference section */

/* Begin PBXFrameworksBuildPhase section */
		D07E871A22ED12A200B2BF1A /* Frameworks */ = {
			isa = PBXFrameworksBuildPhase;
			buildActionMask = 2147483647;
			files = (
			);
			runOnlyForDeploymentPostprocessing = 0;
		};
/* End PBXFrameworksBuildPhase section */

/* Begin PBXGroup section */
		D07E871422ED12A200B2BF1A = {
			isa = PBXGroup;
			children = (
				D07E872022ED12A200B2BF1A /* SFML-RPG */,
				D07E871F22ED12A200B2BF1A /* Products */,
			);
			sourceTree = "<group>";
		};
		D07E871F22ED12A200B2BF1A /* Products */ = {
			isa = PBXGroup;
			children = (
				D07E871E22ED12A200B2BF1A /* SFML-RPG.app */,
			);
			name = Products;
			sourceTree = "<group>";
		};
		D07E872022ED12A200B2BF1A /* SFML-RPG */ = {
			isa = PBXGroup;
			children = (
				D07E874622ED3C2E00B2BF1A /* Entities */,
				D07E874222ED32BC00B2BF1A /* States */,
				D07E874122ED2FEB00B2BF1A /* Config */,
				D07E873B22ED220000B2BF1A /* Source */,
				D07E872322ED12A200B2BF1A /* ResourcePath.mm */,
				D07E872522ED12A200B2BF1A /* ResourcePath.hpp */,
				D07E872822ED12A200B2BF1A /* Resources */,
			);
			path = "SFML-RPG";
			sourceTree = "<group>";
		};
		D07E872822ED12A200B2BF1A /* Resources */ = {
			isa = PBXGroup;
			children = (
				D07E872922ED12A200B2BF1A /* cute_image.jpg */,
				D07E872B22ED12A200B2BF1A /* nice_music.ogg */,
				D07E872D22ED12A200B2BF1A /* sansation.ttf */,
				D07E872F22ED12A200B2BF1A /* icon.png */,
			);
			name = Resources;
			sourceTree = "<group>";
		};
		D07E873B22ED220000B2BF1A /* Source */ = {
			isa = PBXGroup;
			children = (
				D07E872622ED12A200B2BF1A /* main.cpp */,
				D07E873822ED21DB00B2BF1A /* Game.cpp */,
				D07E873922ED21DB00B2BF1A /* Game.hpp */,
			);
			path = Source;
			sourceTree = "<group>";
		};
		D07E874122ED2FEB00B2BF1A /* Config */ = {
			isa = PBXGroup;
			children = (
				D07E873F22ED2FB200B2BF1A /* window.ini */,
				D07E874A22ED566F00B2BF1A /* supported_keys.ini */,
				D07E874C22ED60DE00B2BF1A /* gamestate_keybinds.ini */,
			);
			name = Config;
			sourceTree = "<group>";
		};
		D07E874222ED32BC00B2BF1A /* States */ = {
			isa = PBXGroup;
			children = (
				D07E873C22ED2D3C00B2BF1A /* State.cpp */,
				D07E873D22ED2D3C00B2BF1A /* State.hpp */,
				D07E874322ED32DC00B2BF1A /* GameState.cpp */,
				D07E874422ED32DC00B2BF1A /* GameState.hpp */,
				D07E874E22ED654900B2BF1A /* mainMenuState.cpp */,
				D07E874F22ED654900B2BF1A /* mainMenuState.hpp */,
			);
			path = States;
			sourceTree = "<group>";
		};
		D07E874622ED3C2E00B2BF1A /* Entities */ = {
			isa = PBXGroup;
			children = (
				D07E874722ED3C3F00B2BF1A /* Entity.cpp */,
				D07E874822ED3C3F00B2BF1A /* Entity.hpp */,
			);
			name = Entities;
			sourceTree = "<group>";
		};
/* End PBXGroup section */

/* Begin PBXNativeTarget section */
		D07E871D22ED12A200B2BF1A /* SFML-RPG */ = {
			isa = PBXNativeTarget;
			buildConfigurationList = D07E873322ED12A200B2BF1A /* Build configuration list for PBXNativeTarget "SFML-RPG" */;
			buildPhases = (
				D07E871922ED12A200B2BF1A /* Sources */,
				D07E871A22ED12A200B2BF1A /* Frameworks */,
				D07E871B22ED12A200B2BF1A /* Resources */,
				D07E871C22ED12A200B2BF1A /* ShellScript */,
			);
			buildRules = (
			);
			dependencies = (
			);
			name = "SFML-RPG";
			productName = "SFML-RPG";
			productReference = D07E871E22ED12A200B2BF1A /* SFML-RPG.app */;
			productType = "com.apple.product-type.application";
		};
/* End PBXNativeTarget section */

/* Begin PBXProject section */
		D07E871522ED12A200B2BF1A /* Project object */ = {
			isa = PBXProject;
			attributes = {
				KnownAssetTags = (
					Config,
					Resources,
				);
				LastUpgradeCheck = 1030;
				ORGANIZATIONNAME = "Jordan Peterson";
				TargetAttributes = {
					D07E871D22ED12A200B2BF1A = {
						CreatedOnToolsVersion = 10.3;
					};
				};
			};
			buildConfigurationList = D07E871822ED12A200B2BF1A /* Build configuration list for PBXProject "SFML-RPG" */;
			compatibilityVersion = "Xcode 9.3";
			developmentRegion = en;
			hasScannedForEncodings = 0;
			knownRegions = (
				en,
			);
			mainGroup = D07E871422ED12A200B2BF1A;
			productRefGroup = D07E871F22ED12A200B2BF1A /* Products */;
			projectDirPath = "";
			projectRoot = "";
			targets = (
				D07E871D22ED12A200B2BF1A /* SFML-RPG */,
			);
		};
/* End PBXProject section */

/* Begin PBXResourcesBuildPhase section */
		D07E871B22ED12A200B2BF1A /* Resources */ = {
			isa = PBXResourcesBuildPhase;
			buildActionMask = 2147483647;
			files = (
				D07E873022ED12A200B2BF1A /* icon.png in Resources */,
				D07E874D22ED60DE00B2BF1A /* gamestate_keybinds.ini in Resources */,
				D07E872E22ED12A200B2BF1A /* sansation.ttf in Resources */,
				D07E874022ED2FB200B2BF1A /* window.ini in Resources */,
				D07E872C22ED12A200B2BF1A /* nice_music.ogg in Resources */,
				D07E872A22ED12A200B2BF1A /* cute_image.jpg in Resources */,
				D07E874B22ED566F00B2BF1A /* supported_keys.ini in Resources */,
			);
			runOnlyForDeploymentPostprocessing = 0;
		};
/* End PBXResourcesBuildPhase section */

/* Begin PBXShellScriptBuildPhase section */
		D07E871C22ED12A200B2BF1A /* ShellScript */ = {
			isa = PBXShellScriptBuildPhase;
			buildActionMask = 8;
			files = (
			);
			inputFileListPaths = (
			);
			inputPaths = (
			);
			outputFileListPaths = (
			);
			outputPaths = (
			);
			runOnlyForDeploymentPostprocessing = 1;
			shellPath = /bin/sh;
			shellScript = "# This shell script simply copies required SFML dylibs/frameworks into the application bundle frameworks folder.\n# If you're using static libraries (which is not recommended) you should remove this script from your project.\n\n# SETTINGS\nSFML_DEPENDENCIES_INSTALL_PREFIX=\"/Users/SFML/Desktop/packaging/tmp/install/Library/Frameworks\"\nCMAKE_INSTALL_FRAMEWORK_PREFIX=\"/Users/SFML/Desktop/packaging/tmp/install/Library/Frameworks\"\nCMAKE_INSTALL_LIB_PREFIX=\"/Users/SFML/Desktop/packaging/tmp/install/Library/Frameworks/lib\"\nFRAMEWORKS_FULL_PATH=\"$BUILT_PRODUCTS_DIR/$FRAMEWORKS_FOLDER_PATH/\"\n\n# Are we building a project that uses frameworks or dylibs?\ncase \"$SFML_BINARY_TYPE\" in\n    DYLIBS)\n        frameworks=\"false\"\n        ;;\n    *)\n        frameworks=\"true\"\n        ;;\nesac\n\n# Echoes to stderr\nerror () # $* message to display\n{\n    echo $* 1>&2\n    exit 2\n}\n\nassert () # $1 is a boolean, $2...N is an error message\n{\n    if [ $# -lt 2 ]\n    then\n        error \"Internal error in assert: not enough args\"\n    fi\n\n    if [ $1 -ne 0 ]\n    then\n        shift\n        error \"$*\"\n    fi\n}\n\nforce_remove () # $@ is some paths\n{\n    test $# -ge 1\n    assert $? \"force_remove() requires at least one parameter\"\n    rm -fr $@\n    assert $? \"couldn't remove $@\"\n}\n\ncopy () # $1 is a source, $2 is a destination\n{\n    test $# -eq 2\n    assert $? \"copy() requires two parameters\"\n    ditto \"$1\" \"$2\"\n    assert $? \"couldn't copy $1 to $2\"\n}\n\nrequire () # $1 is a SFML module like 'system' or 'audio'\n{\n    dest=\"$BUILT_PRODUCTS_DIR/$FRAMEWORKS_FOLDER_PATH/\"\n\n    if [ -z \"$1\" ]\n    then\n        error \"require() requires one parameter!\"\n    else\n        # clean potentially old stuff\n        force_remove \"$dest/libsfml-$1\"*\n        force_remove \"$dest/sfml-$1.framework\"\n\n        # copy SFML libraries\n        if [ \"$frameworks\" = \"true\" ]\n        then\n            source=\"$CMAKE_INSTALL_FRAMEWORK_PREFIX/sfml-$1.framework\"\n            target=\"sfml-$1.framework\"\n        elif [ \"$SFML_LINK_DYLIBS_SUFFIX\" = \"-d\" ]\n        then\n            source=\"$CMAKE_INSTALL_LIB_PREFIX/libsfml-$1-d.dylib\"\n            target=\"`readlink $source`\"\n        else\n            source=\"$CMAKE_INSTALL_LIB_PREFIX/libsfml-$1.dylib\"\n            target=\"`readlink $source`\"\n        fi\n\n        copy \"$source\" \"$dest/$target\"\n\n        # copy extra dependencies\n        if [ \"$1\" = \"audio\" ]\n        then\n            # copy \"FLAC\" \"ogg\" \"vorbis\" \"vorbisenc\" \"vorbisfile\" \"OpenAL\" frameworks too\n            for f in \"FLAC\" \"ogg\" \"vorbis\" \"vorbisenc\" \"vorbisfile\" \"OpenAL\"\n            do\n                copy \"$SFML_DEPENDENCIES_INSTALL_PREFIX/$f.framework\" \"$dest/$f.framework\"\n            done\n        elif [ \"$1\" = \"graphics\" ]\n        then\n            copy \"$SFML_DEPENDENCIES_INSTALL_PREFIX/freetype.framework\" \"$dest/freetype.framework\"\n        fi\n    fi\n}\n\nif [ -n \"$SFML_SYSTEM\" ]\nthen\n    require \"system\"\nfi\n\nif [ -n \"$SFML_AUDIO\" ]\nthen\n    require \"audio\"\nfi\n\nif [ -n \"$SFML_NETWORK\" ]\nthen\n    require \"network\"\nfi\n\nif [ -n \"$SFML_WINDOW\" ]\nthen\n    require \"window\"\nfi\n\nif [ -n \"$SFML_GRAPHICS\" ]\nthen\n    require \"graphics\"\nfi\n\n                \n";
		};
/* End PBXShellScriptBuildPhase section */

/* Begin PBXSourcesBuildPhase section */
		D07E871922ED12A200B2BF1A /* Sources */ = {
			isa = PBXSourcesBuildPhase;
			buildActionMask = 2147483647;
			files = (
				D07E873A22ED21DB00B2BF1A /* Game.cpp in Sources */,
				D07E874522ED32DC00B2BF1A /* GameState.cpp in Sources */,
				D07E875022ED654900B2BF1A /* mainMenuState.cpp in Sources */,
				D07E872722ED12A200B2BF1A /* main.cpp in Sources */,
				D07E872422ED12A200B2BF1A /* ResourcePath.mm in Sources */,
				D07E874922ED3C3F00B2BF1A /* Entity.cpp in Sources */,
				D07E873E22ED2D3C00B2BF1A /* State.cpp in Sources */,
			);
			runOnlyForDeploymentPostprocessing = 0;
		};
/* End PBXSourcesBuildPhase section */

/* Begin XCBuildConfiguration section */
		D07E873122ED12A200B2BF1A /* Debug */ = {
			isa = XCBuildConfiguration;
			buildSettings = {
				ARCHS = "$(NATIVE_ARCH_ACTUAL)";
				CLANG_CXX_LANGUAGE_STANDARD = "c++11";
				CLANG_CXX_LIBRARY = "libc++";
				FRAMEWORK_SEARCH_PATHS = (
					/Library/Frameworks/,
					"$(inherited)",
				);
				GCC_VERSION = com.apple.compilers.llvm.clang.1_0;
				HEADER_SEARCH_PATHS = (
					/usr/local/include/,
					"$(inherited)",
				);
				LIBRARY_SEARCH_PATHS = (
					/usr/local/lib/,
					"$(inherited)",
				);
				MACOSX_DEPLOYMENT_TARGET = 10.7;
				OTHER_LDFLAGS = (
					"$(inherited)",
					"$(SFML_SYSTEM)",
					"$(SFML_WINDOW)",
					"$(SFML_GRAPHICS)",
					"$(SFML_AUDIO)",
					"$(SFML_NETWORK)",
				);
				SFML_AUDIO = "$(SFML_LINK_PREFIX) sfml-audio$(SFML_LINK_SUFFIX)";
				SFML_BINARY_TYPE = FRAMEWORKS;
				SFML_GRAPHICS = "$(SFML_LINK_PREFIX) sfml-graphics$(SFML_LINK_SUFFIX)";
				SFML_LINK_DYLIBS_PREFIX = "-l";
				SFML_LINK_DYLIBS_SUFFIX = "";
				SFML_LINK_FRAMEWORKS_PREFIX = "-framework";
				SFML_LINK_FRAMEWORKS_SUFFIX = "";
				SFML_LINK_PREFIX = "$(SFML_LINK_$(SFML_BINARY_TYPE)_PREFIX)";
				SFML_LINK_SUFFIX = "$(SFML_LINK_$(SFML_BINARY_TYPE)_SUFFIX)";
				SFML_NETWORK = "$(SFML_LINK_PREFIX) sfml-network$(SFML_LINK_SUFFIX)";
				SFML_SYSTEM = "$(SFML_LINK_PREFIX) sfml-system$(SFML_LINK_SUFFIX)";
				SFML_WINDOW = "$(SFML_LINK_PREFIX) sfml-window$(SFML_LINK_SUFFIX)";
				SUPPORTED_PLATFORMS = macosx;
			};
			name = Debug;
		};
		D07E873222ED12A200B2BF1A /* Release */ = {
			isa = XCBuildConfiguration;
			buildSettings = {
				ARCHS = "$(NATIVE_ARCH_ACTUAL)";
				CLANG_CXX_LANGUAGE_STANDARD = "c++11";
				CLANG_CXX_LIBRARY = "libc++";
				FRAMEWORK_SEARCH_PATHS = (
					/Library/Frameworks/,
					"$(inherited)",
				);
				GCC_VERSION = com.apple.compilers.llvm.clang.1_0;
				HEADER_SEARCH_PATHS = (
					/usr/local/include/,
					"$(inherited)",
				);
				LIBRARY_SEARCH_PATHS = (
					/usr/local/lib/,
					"$(inherited)",
				);
				MACOSX_DEPLOYMENT_TARGET = 10.7;
				OTHER_LDFLAGS = (
					"$(inherited)",
					"$(SFML_SYSTEM)",
					"$(SFML_WINDOW)",
					"$(SFML_GRAPHICS)",
					"$(SFML_AUDIO)",
					"$(SFML_NETWORK)",
				);
				SFML_AUDIO = "$(SFML_LINK_PREFIX) sfml-audio$(SFML_LINK_SUFFIX)";
				SFML_BINARY_TYPE = FRAMEWORKS;
				SFML_GRAPHICS = "$(SFML_LINK_PREFIX) sfml-graphics$(SFML_LINK_SUFFIX)";
				SFML_LINK_DYLIBS_PREFIX = "-l";
				SFML_LINK_DYLIBS_SUFFIX = "";
				SFML_LINK_FRAMEWORKS_PREFIX = "-framework";
				SFML_LINK_FRAMEWORKS_SUFFIX = "";
				SFML_LINK_PREFIX = "$(SFML_LINK_$(SFML_BINARY_TYPE)_PREFIX)";
				SFML_LINK_SUFFIX = "$(SFML_LINK_$(SFML_BINARY_TYPE)_SUFFIX)";
				SFML_NETWORK = "$(SFML_LINK_PREFIX) sfml-network$(SFML_LINK_SUFFIX)";
				SFML_SYSTEM = "$(SFML_LINK_PREFIX) sfml-system$(SFML_LINK_SUFFIX)";
				SFML_WINDOW = "$(SFML_LINK_PREFIX) sfml-window$(SFML_LINK_SUFFIX)";
				SUPPORTED_PLATFORMS = macosx;
			};
			name = Release;
		};
		D07E873422ED12A200B2BF1A /* Debug */ = {
			isa = XCBuildConfiguration;
			buildSettings = {
				CODE_SIGN_STYLE = Automatic;
				INFOPLIST_FILE = "SFML-RPG/SFML-RPG-Info.plist";
				LD_RUNPATH_SEARCH_PATHS = "@loader_path/../Frameworks";
				PRODUCT_NAME = "$(TARGET_NAME)";
			};
			name = Debug;
		};
		D07E873522ED12A200B2BF1A /* Release */ = {
			isa = XCBuildConfiguration;
			buildSettings = {
				CODE_SIGN_STYLE = Automatic;
				INFOPLIST_FILE = "SFML-RPG/SFML-RPG-Info.plist";
				LD_RUNPATH_SEARCH_PATHS = "@loader_path/../Frameworks";
				PRODUCT_NAME = "$(TARGET_NAME)";
			};
			name = Release;
		};
/* End XCBuildConfiguration section */

/* Begin XCConfigurationList section */
		D07E871822ED12A200B2BF1A /* Build configuration list for PBXProject "SFML-RPG" */ = {
			isa = XCConfigurationList;
			buildConfigurations = (
				D07E873122ED12A200B2BF1A /* Debug */,
				D07E873222ED12A200B2BF1A /* Release */,
			);
			defaultConfigurationIsVisible = 0;
			defaultConfigurationName = Release;
		};
		D07E873322ED12A200B2BF1A /* Build configuration list for PBXNativeTarget "SFML-RPG" */ = {
			isa = XCConfigurationList;
			buildConfigurations = (
				D07E873422ED12A200B2BF1A /* Debug */,
				D07E873522ED12A200B2BF1A /* Release */,
			);
			defaultConfigurationIsVisible = 0;
			defaultConfigurationName = Release;
		};
/* End XCConfigurationList section */
	};
	rootObject = D07E871522ED12A200B2BF1A /* Project object */;
}
