// !$*UTF8*$!
{
	archiveVersion = 1;
	classes = {
	};
	objectVersion = 50;
	objects = {

/* Begin PBXBuildFile section */
		D079248422ED0C5300C66FA0 /* AppDelegate.m in Sources */ = {isa = PBXBuildFile; fileRef = D079248322ED0C5300C66FA0 /* AppDelegate.m */; };
		D079248722ED0C5300C66FA0 /* GameViewController.m in Sources */ = {isa = PBXBuildFile; fileRef = D079248622ED0C5300C66FA0 /* GameViewController.m */; };
		D079248A22ED0C5300C66FA0 /* Main.storyboard in Resources */ = {isa = PBXBuildFile; fileRef = D079248822ED0C5300C66FA0 /* Main.storyboard */; };
		D079248D22ED0C5300C66FA0 /* LaunchScreen.storyboard in Resources */ = {isa = PBXBuildFile; fileRef = D079248B22ED0C5300C66FA0 /* LaunchScreen.storyboard */; };
		D079249022ED0C5300C66FA0 /* main.m in Sources */ = {isa = PBXBuildFile; fileRef = D079248F22ED0C5300C66FA0 /* main.m */; };
		D079249422ED0C5300C66FA0 /* OpenRPG.app in Embed Watch Content */ = {isa = PBXBuildFile; fileRef = D079249322ED0C5300C66FA0 /* OpenRPG.app */; };
		D079249A22ED0C5300C66FA0 /* Interface.storyboard in Resources */ = {isa = PBXBuildFile; fileRef = D079249822ED0C5300C66FA0 /* Interface.storyboard */; };
		D07924A122ED0C5300C66FA0 /* OpenRPG Extension.appex in Embed App Extensions */ = {isa = PBXBuildFile; fileRef = D07924A022ED0C5300C66FA0 /* OpenRPG Extension.appex */; settings = {ATTRIBUTES = (RemoveHeadersOnCopy, ); }; };
		D07924A722ED0C5300C66FA0 /* InterfaceController.m in Sources */ = {isa = PBXBuildFile; fileRef = D07924A622ED0C5300C66FA0 /* InterfaceController.m */; };
		D07924AA22ED0C5300C66FA0 /* ExtensionDelegate.m in Sources */ = {isa = PBXBuildFile; fileRef = D07924A922ED0C5300C66FA0 /* ExtensionDelegate.m */; };
		D07924B422ED0C5300C66FA0 /* AppDelegate.m in Sources */ = {isa = PBXBuildFile; fileRef = D07924B322ED0C5300C66FA0 /* AppDelegate.m */; };
		D07924B722ED0C5300C66FA0 /* GameViewController.m in Sources */ = {isa = PBXBuildFile; fileRef = D07924B622ED0C5300C66FA0 /* GameViewController.m */; };
		D07924BA22ED0C5400C66FA0 /* Main.storyboard in Resources */ = {isa = PBXBuildFile; fileRef = D07924B822ED0C5300C66FA0 /* Main.storyboard */; };
		D07924BD22ED0C5400C66FA0 /* main.m in Sources */ = {isa = PBXBuildFile; fileRef = D07924BC22ED0C5400C66FA0 /* main.m */; };
		D07924C622ED0C5400C66FA0 /* AppDelegate.m in Sources */ = {isa = PBXBuildFile; fileRef = D07924C522ED0C5400C66FA0 /* AppDelegate.m */; };
		D07924C922ED0C5400C66FA0 /* GameViewController.m in Sources */ = {isa = PBXBuildFile; fileRef = D07924C822ED0C5400C66FA0 /* GameViewController.m */; };
		D07924CC22ED0C5400C66FA0 /* Main.storyboard in Resources */ = {isa = PBXBuildFile; fileRef = D07924CA22ED0C5400C66FA0 /* Main.storyboard */; };
		D07924CF22ED0C5400C66FA0 /* main.m in Sources */ = {isa = PBXBuildFile; fileRef = D07924CE22ED0C5400C66FA0 /* main.m */; };
		D07924D022ED0C5400C66FA0 /* Actions.sks in Resources */ = {isa = PBXBuildFile; fileRef = D079247622ED0C4E00C66FA0 /* Actions.sks */; };
		D07924D122ED0C5400C66FA0 /* Actions.sks in Resources */ = {isa = PBXBuildFile; fileRef = D079247622ED0C4E00C66FA0 /* Actions.sks */; };
		D07924D222ED0C5400C66FA0 /* Actions.sks in Resources */ = {isa = PBXBuildFile; fileRef = D079247622ED0C4E00C66FA0 /* Actions.sks */; };
		D07924D322ED0C5400C66FA0 /* GameScene.sks in Resources */ = {isa = PBXBuildFile; fileRef = D079247722ED0C4E00C66FA0 /* GameScene.sks */; };
		D07924D422ED0C5400C66FA0 /* GameScene.sks in Resources */ = {isa = PBXBuildFile; fileRef = D079247722ED0C4E00C66FA0 /* GameScene.sks */; };
		D07924D522ED0C5400C66FA0 /* GameScene.sks in Resources */ = {isa = PBXBuildFile; fileRef = D079247722ED0C4E00C66FA0 /* GameScene.sks */; };
		D07924D622ED0C5400C66FA0 /* GameScene.sks in Resources */ = {isa = PBXBuildFile; fileRef = D079247722ED0C4E00C66FA0 /* GameScene.sks */; };
		D07924D722ED0C5400C66FA0 /* GameScene.m in Sources */ = {isa = PBXBuildFile; fileRef = D079247922ED0C4E00C66FA0 /* GameScene.m */; };
		D07924D822ED0C5400C66FA0 /* GameScene.m in Sources */ = {isa = PBXBuildFile; fileRef = D079247922ED0C4E00C66FA0 /* GameScene.m */; };
		D07924D922ED0C5400C66FA0 /* GameScene.m in Sources */ = {isa = PBXBuildFile; fileRef = D079247922ED0C4E00C66FA0 /* GameScene.m */; };
		D07924DA22ED0C5400C66FA0 /* GameScene.m in Sources */ = {isa = PBXBuildFile; fileRef = D079247922ED0C4E00C66FA0 /* GameScene.m */; };
		D07924DB22ED0C5400C66FA0 /* Assets.xcassets in Resources */ = {isa = PBXBuildFile; fileRef = D079247A22ED0C5300C66FA0 /* Assets.xcassets */; };
		D07924DC22ED0C5400C66FA0 /* Assets.xcassets in Resources */ = {isa = PBXBuildFile; fileRef = D079247A22ED0C5300C66FA0 /* Assets.xcassets */; };
		D07924DD22ED0C5400C66FA0 /* Assets.xcassets in Resources */ = {isa = PBXBuildFile; fileRef = D079247A22ED0C5300C66FA0 /* Assets.xcassets */; };
		D07924DE22ED0C5400C66FA0 /* Assets.xcassets in Resources */ = {isa = PBXBuildFile; fileRef = D079247A22ED0C5300C66FA0 /* Assets.xcassets */; };
/* End PBXBuildFile section */

/* Begin PBXContainerItemProxy section */
		D079249522ED0C5300C66FA0 /* PBXContainerItemProxy */ = {
			isa = PBXContainerItemProxy;
			containerPortal = D079247122ED0C4D00C66FA0 /* Project object */;
			proxyType = 1;
			remoteGlobalIDString = D079249222ED0C5300C66FA0;
			remoteInfo = "OpenRPG watchOS App";
		};
		D07924A222ED0C5300C66FA0 /* PBXContainerItemProxy */ = {
			isa = PBXContainerItemProxy;
			containerPortal = D079247122ED0C4D00C66FA0 /* Project object */;
			proxyType = 1;
			remoteGlobalIDString = D079249F22ED0C5300C66FA0;
			remoteInfo = "OpenRPG watchOS App Extension";
		};
/* End PBXContainerItemProxy section */

/* Begin PBXCopyFilesBuildPhase section */
		D07924E422ED0C5400C66FA0 /* Embed App Extensions */ = {
			isa = PBXCopyFilesBuildPhase;
			buildActionMask = 2147483647;
			dstPath = "";
			dstSubfolderSpec = 13;
			files = (
				D07924A122ED0C5300C66FA0 /* OpenRPG Extension.appex in Embed App Extensions */,
			);
			name = "Embed App Extensions";
			runOnlyForDeploymentPostprocessing = 0;
		};
		D07924E822ED0C5400C66FA0 /* Embed Watch Content */ = {
			isa = PBXCopyFilesBuildPhase;
			buildActionMask = 2147483647;
			dstPath = "$(CONTENTS_FOLDER_PATH)/Watch";
			dstSubfolderSpec = 16;
			files = (
				D079249422ED0C5300C66FA0 /* OpenRPG.app in Embed Watch Content */,
			);
			name = "Embed Watch Content";
			runOnlyForDeploymentPostprocessing = 0;
		};
/* End PBXCopyFilesBuildPhase section */

/* Begin PBXFileReference section */
		D079247622ED0C4E00C66FA0 /* Actions.sks */ = {isa = PBXFileReference; lastKnownFileType = file.sks; path = Actions.sks; sourceTree = "<group>"; };
		D079247722ED0C4E00C66FA0 /* GameScene.sks */ = {isa = PBXFileReference; lastKnownFileType = file.sks; path = GameScene.sks; sourceTree = "<group>"; };
		D079247822ED0C4E00C66FA0 /* GameScene.h */ = {isa = PBXFileReference; lastKnownFileType = sourcecode.c.h; path = GameScene.h; sourceTree = "<group>"; };
		D079247922ED0C4E00C66FA0 /* GameScene.m */ = {isa = PBXFileReference; lastKnownFileType = sourcecode.c.objc; path = GameScene.m; sourceTree = "<group>"; };
		D079247A22ED0C5300C66FA0 /* Assets.xcassets */ = {isa = PBXFileReference; lastKnownFileType = folder.assetcatalog; path = Assets.xcassets; sourceTree = "<group>"; };
		D079247F22ED0C5300C66FA0 /* OpenRPG.app */ = {isa = PBXFileReference; explicitFileType = wrapper.application; includeInIndex = 0; path = OpenRPG.app; sourceTree = BUILT_PRODUCTS_DIR; };
		D079248222ED0C5300C66FA0 /* AppDelegate.h */ = {isa = PBXFileReference; lastKnownFileType = sourcecode.c.h; path = AppDelegate.h; sourceTree = "<group>"; };
		D079248322ED0C5300C66FA0 /* AppDelegate.m */ = {isa = PBXFileReference; lastKnownFileType = sourcecode.c.objc; path = AppDelegate.m; sourceTree = "<group>"; };
		D079248522ED0C5300C66FA0 /* GameViewController.h */ = {isa = PBXFileReference; lastKnownFileType = sourcecode.c.h; path = GameViewController.h; sourceTree = "<group>"; };
		D079248622ED0C5300C66FA0 /* GameViewController.m */ = {isa = PBXFileReference; lastKnownFileType = sourcecode.c.objc; path = GameViewController.m; sourceTree = "<group>"; };
		D079248922ED0C5300C66FA0 /* Base */ = {isa = PBXFileReference; lastKnownFileType = file.storyboard; name = Base; path = Base.lproj/Main.storyboard; sourceTree = "<group>"; };
		D079248C22ED0C5300C66FA0 /* Base */ = {isa = PBXFileReference; lastKnownFileType = file.storyboard; name = Base; path = Base.lproj/LaunchScreen.storyboard; sourceTree = "<group>"; };
		D079248E22ED0C5300C66FA0 /* Info.plist */ = {isa = PBXFileReference; lastKnownFileType = text.plist.xml; path = Info.plist; sourceTree = "<group>"; };
		D079248F22ED0C5300C66FA0 /* main.m */ = {isa = PBXFileReference; lastKnownFileType = sourcecode.c.objc; path = main.m; sourceTree = "<group>"; };
		D079249322ED0C5300C66FA0 /* OpenRPG.app */ = {isa = PBXFileReference; explicitFileType = wrapper.application; includeInIndex = 0; path = OpenRPG.app; sourceTree = BUILT_PRODUCTS_DIR; };
		D079249922ED0C5300C66FA0 /* Base */ = {isa = PBXFileReference; lastKnownFileType = file.storyboard; name = Base; path = Base.lproj/Interface.storyboard; sourceTree = "<group>"; };
		D079249B22ED0C5300C66FA0 /* Info.plist */ = {isa = PBXFileReference; lastKnownFileType = text.plist.xml; path = Info.plist; sourceTree = "<group>"; };
		D07924A022ED0C5300C66FA0 /* OpenRPG Extension.appex */ = {isa = PBXFileReference; explicitFileType = "wrapper.app-extension"; includeInIndex = 0; path = "OpenRPG Extension.appex"; sourceTree = BUILT_PRODUCTS_DIR; };
		D07924A522ED0C5300C66FA0 /* InterfaceController.h */ = {isa = PBXFileReference; lastKnownFileType = sourcecode.c.h; path = InterfaceController.h; sourceTree = "<group>"; };
		D07924A622ED0C5300C66FA0 /* InterfaceController.m */ = {isa = PBXFileReference; lastKnownFileType = sourcecode.c.objc; path = InterfaceController.m; sourceTree = "<group>"; };
		D07924A822ED0C5300C66FA0 /* ExtensionDelegate.h */ = {isa = PBXFileReference; lastKnownFileType = sourcecode.c.h; path = ExtensionDelegate.h; sourceTree = "<group>"; };
		D07924A922ED0C5300C66FA0 /* ExtensionDelegate.m */ = {isa = PBXFileReference; lastKnownFileType = sourcecode.c.objc; path = ExtensionDelegate.m; sourceTree = "<group>"; };
		D07924AB22ED0C5300C66FA0 /* Info.plist */ = {isa = PBXFileReference; lastKnownFileType = text.plist.xml; path = Info.plist; sourceTree = "<group>"; };
		D07924B022ED0C5300C66FA0 /* OpenRPG.app */ = {isa = PBXFileReference; explicitFileType = wrapper.application; includeInIndex = 0; path = OpenRPG.app; sourceTree = BUILT_PRODUCTS_DIR; };
		D07924B222ED0C5300C66FA0 /* AppDelegate.h */ = {isa = PBXFileReference; lastKnownFileType = sourcecode.c.h; path = AppDelegate.h; sourceTree = "<group>"; };
		D07924B322ED0C5300C66FA0 /* AppDelegate.m */ = {isa = PBXFileReference; lastKnownFileType = sourcecode.c.objc; path = AppDelegate.m; sourceTree = "<group>"; };
		D07924B522ED0C5300C66FA0 /* GameViewController.h */ = {isa = PBXFileReference; lastKnownFileType = sourcecode.c.h; path = GameViewController.h; sourceTree = "<group>"; };
		D07924B622ED0C5300C66FA0 /* GameViewController.m */ = {isa = PBXFileReference; lastKnownFileType = sourcecode.c.objc; path = GameViewController.m; sourceTree = "<group>"; };
		D07924B922ED0C5300C66FA0 /* Base */ = {isa = PBXFileReference; lastKnownFileType = file.storyboard; name = Base; path = Base.lproj/Main.storyboard; sourceTree = "<group>"; };
		D07924BB22ED0C5400C66FA0 /* Info.plist */ = {isa = PBXFileReference; lastKnownFileType = text.plist.xml; path = Info.plist; sourceTree = "<group>"; };
		D07924BC22ED0C5400C66FA0 /* main.m */ = {isa = PBXFileReference; lastKnownFileType = sourcecode.c.objc; path = main.m; sourceTree = "<group>"; };
		D07924C222ED0C5400C66FA0 /* OpenRPG.app */ = {isa = PBXFileReference; explicitFileType = wrapper.application; includeInIndex = 0; path = OpenRPG.app; sourceTree = BUILT_PRODUCTS_DIR; };
		D07924C422ED0C5400C66FA0 /* AppDelegate.h */ = {isa = PBXFileReference; lastKnownFileType = sourcecode.c.h; path = AppDelegate.h; sourceTree = "<group>"; };
		D07924C522ED0C5400C66FA0 /* AppDelegate.m */ = {isa = PBXFileReference; lastKnownFileType = sourcecode.c.objc; path = AppDelegate.m; sourceTree = "<group>"; };
		D07924C722ED0C5400C66FA0 /* GameViewController.h */ = {isa = PBXFileReference; lastKnownFileType = sourcecode.c.h; path = GameViewController.h; sourceTree = "<group>"; };
		D07924C822ED0C5400C66FA0 /* GameViewController.m */ = {isa = PBXFileReference; lastKnownFileType = sourcecode.c.objc; path = GameViewController.m; sourceTree = "<group>"; };
		D07924CB22ED0C5400C66FA0 /* Base */ = {isa = PBXFileReference; lastKnownFileType = file.storyboard; name = Base; path = Base.lproj/Main.storyboard; sourceTree = "<group>"; };
		D07924CD22ED0C5400C66FA0 /* Info.plist */ = {isa = PBXFileReference; lastKnownFileType = text.plist.xml; path = Info.plist; sourceTree = "<group>"; };
		D07924CE22ED0C5400C66FA0 /* main.m */ = {isa = PBXFileReference; lastKnownFileType = sourcecode.c.objc; path = main.m; sourceTree = "<group>"; };
/* End PBXFileReference section */

/* Begin PBXFrameworksBuildPhase section */
		D079247C22ED0C5300C66FA0 /* Frameworks */ = {
			isa = PBXFrameworksBuildPhase;
			buildActionMask = 2147483647;
			files = (
			);
			runOnlyForDeploymentPostprocessing = 0;
		};
		D079249D22ED0C5300C66FA0 /* Frameworks */ = {
			isa = PBXFrameworksBuildPhase;
			buildActionMask = 2147483647;
			files = (
			);
			runOnlyForDeploymentPostprocessing = 0;
		};
		D07924AD22ED0C5300C66FA0 /* Frameworks */ = {
			isa = PBXFrameworksBuildPhase;
			buildActionMask = 2147483647;
			files = (
			);
			runOnlyForDeploymentPostprocessing = 0;
		};
		D07924BF22ED0C5400C66FA0 /* Frameworks */ = {
			isa = PBXFrameworksBuildPhase;
			buildActionMask = 2147483647;
			files = (
			);
			runOnlyForDeploymentPostprocessing = 0;
		};
/* End PBXFrameworksBuildPhase section */

/* Begin PBXGroup section */
		D079247022ED0C4D00C66FA0 = {
			isa = PBXGroup;
			children = (
				D079247522ED0C4E00C66FA0 /* OpenRPG Shared */,
				D079248122ED0C5300C66FA0 /* OpenRPG iOS */,
				D079249722ED0C5300C66FA0 /* OpenRPG watchOS App */,
				D07924A422ED0C5300C66FA0 /* OpenRPG watchOS App Extension */,
				D07924B122ED0C5300C66FA0 /* OpenRPG tvOS */,
				D07924C322ED0C5400C66FA0 /* OpenRPG macOS */,
				D079248022ED0C5300C66FA0 /* Products */,
			);
			sourceTree = "<group>";
		};
		D079247522ED0C4E00C66FA0 /* OpenRPG Shared */ = {
			isa = PBXGroup;
			children = (
				D079247622ED0C4E00C66FA0 /* Actions.sks */,
				D079247722ED0C4E00C66FA0 /* GameScene.sks */,
				D079247822ED0C4E00C66FA0 /* GameScene.h */,
				D079247922ED0C4E00C66FA0 /* GameScene.m */,
				D079247A22ED0C5300C66FA0 /* Assets.xcassets */,
			);
			path = "OpenRPG Shared";
			sourceTree = "<group>";
		};
		D079248022ED0C5300C66FA0 /* Products */ = {
			isa = PBXGroup;
			children = (
				D079247F22ED0C5300C66FA0 /* OpenRPG.app */,
				D079249322ED0C5300C66FA0 /* OpenRPG.app */,
				D07924A022ED0C5300C66FA0 /* OpenRPG Extension.appex */,
				D07924B022ED0C5300C66FA0 /* OpenRPG.app */,
				D07924C222ED0C5400C66FA0 /* OpenRPG.app */,
			);
			name = Products;
			sourceTree = "<group>";
		};
		D079248122ED0C5300C66FA0 /* OpenRPG iOS */ = {
			isa = PBXGroup;
			children = (
				D079248222ED0C5300C66FA0 /* AppDelegate.h */,
				D079248322ED0C5300C66FA0 /* AppDelegate.m */,
				D079248522ED0C5300C66FA0 /* GameViewController.h */,
				D079248622ED0C5300C66FA0 /* GameViewController.m */,
				D079248822ED0C5300C66FA0 /* Main.storyboard */,
				D079248B22ED0C5300C66FA0 /* LaunchScreen.storyboard */,
				D079248E22ED0C5300C66FA0 /* Info.plist */,
				D079248F22ED0C5300C66FA0 /* main.m */,
			);
			path = "OpenRPG iOS";
			sourceTree = "<group>";
		};
		D079249722ED0C5300C66FA0 /* OpenRPG watchOS App */ = {
			isa = PBXGroup;
			children = (
				D079249822ED0C5300C66FA0 /* Interface.storyboard */,
				D079249B22ED0C5300C66FA0 /* Info.plist */,
			);
			path = "OpenRPG watchOS App";
			sourceTree = "<group>";
		};
		D07924A422ED0C5300C66FA0 /* OpenRPG watchOS App Extension */ = {
			isa = PBXGroup;
			children = (
				D07924A522ED0C5300C66FA0 /* InterfaceController.h */,
				D07924A622ED0C5300C66FA0 /* InterfaceController.m */,
				D07924A822ED0C5300C66FA0 /* ExtensionDelegate.h */,
				D07924A922ED0C5300C66FA0 /* ExtensionDelegate.m */,
				D07924AB22ED0C5300C66FA0 /* Info.plist */,
			);
			path = "OpenRPG watchOS App Extension";
			sourceTree = "<group>";
		};
		D07924B122ED0C5300C66FA0 /* OpenRPG tvOS */ = {
			isa = PBXGroup;
			children = (
				D07924B222ED0C5300C66FA0 /* AppDelegate.h */,
				D07924B322ED0C5300C66FA0 /* AppDelegate.m */,
				D07924B522ED0C5300C66FA0 /* GameViewController.h */,
				D07924B622ED0C5300C66FA0 /* GameViewController.m */,
				D07924B822ED0C5300C66FA0 /* Main.storyboard */,
				D07924BB22ED0C5400C66FA0 /* Info.plist */,
				D07924BC22ED0C5400C66FA0 /* main.m */,
			);
			path = "OpenRPG tvOS";
			sourceTree = "<group>";
		};
		D07924C322ED0C5400C66FA0 /* OpenRPG macOS */ = {
			isa = PBXGroup;
			children = (
				D07924C422ED0C5400C66FA0 /* AppDelegate.h */,
				D07924C522ED0C5400C66FA0 /* AppDelegate.m */,
				D07924C722ED0C5400C66FA0 /* GameViewController.h */,
				D07924C822ED0C5400C66FA0 /* GameViewController.m */,
				D07924CA22ED0C5400C66FA0 /* Main.storyboard */,
				D07924CD22ED0C5400C66FA0 /* Info.plist */,
				D07924CE22ED0C5400C66FA0 /* main.m */,
			);
			path = "OpenRPG macOS";
			sourceTree = "<group>";
		};
/* End PBXGroup section */

/* Begin PBXNativeTarget section */
		D079247E22ED0C5300C66FA0 /* OpenRPG iOS */ = {
			isa = PBXNativeTarget;
			buildConfigurationList = D07924E922ED0C5400C66FA0 /* Build configuration list for PBXNativeTarget "OpenRPG iOS" */;
			buildPhases = (
				D079247B22ED0C5300C66FA0 /* Sources */,
				D079247C22ED0C5300C66FA0 /* Frameworks */,
				D079247D22ED0C5300C66FA0 /* Resources */,
				D07924E822ED0C5400C66FA0 /* Embed Watch Content */,
			);
			buildRules = (
			);
			dependencies = (
				D079249622ED0C5300C66FA0 /* PBXTargetDependency */,
			);
			name = "OpenRPG iOS";
			productName = "OpenRPG iOS";
			productReference = D079247F22ED0C5300C66FA0 /* OpenRPG.app */;
			productType = "com.apple.product-type.application";
		};
		D079249222ED0C5300C66FA0 /* OpenRPG watchOS App */ = {
			isa = PBXNativeTarget;
			buildConfigurationList = D07924E522ED0C5400C66FA0 /* Build configuration list for PBXNativeTarget "OpenRPG watchOS App" */;
			buildPhases = (
				D079249122ED0C5300C66FA0 /* Resources */,
				D07924E422ED0C5400C66FA0 /* Embed App Extensions */,
			);
			buildRules = (
			);
			dependencies = (
				D07924A322ED0C5300C66FA0 /* PBXTargetDependency */,
			);
			name = "OpenRPG watchOS App";
			productName = "OpenRPG watchOS App";
			productReference = D079249322ED0C5300C66FA0 /* OpenRPG.app */;
			productType = "com.apple.product-type.application.watchapp2";
		};
		D079249F22ED0C5300C66FA0 /* OpenRPG watchOS App Extension */ = {
			isa = PBXNativeTarget;
			buildConfigurationList = D07924E122ED0C5400C66FA0 /* Build configuration list for PBXNativeTarget "OpenRPG watchOS App Extension" */;
			buildPhases = (
				D079249C22ED0C5300C66FA0 /* Sources */,
				D079249D22ED0C5300C66FA0 /* Frameworks */,
				D079249E22ED0C5300C66FA0 /* Resources */,
			);
			buildRules = (
			);
			dependencies = (
			);
			name = "OpenRPG watchOS App Extension";
			productName = "OpenRPG watchOS App Extension";
			productReference = D07924A022ED0C5300C66FA0 /* OpenRPG Extension.appex */;
			productType = "com.apple.product-type.watchkit2-extension";
		};
		D07924AF22ED0C5300C66FA0 /* OpenRPG tvOS */ = {
			isa = PBXNativeTarget;
			buildConfigurationList = D07924EC22ED0C5400C66FA0 /* Build configuration list for PBXNativeTarget "OpenRPG tvOS" */;
			buildPhases = (
				D07924AC22ED0C5300C66FA0 /* Sources */,
				D07924AD22ED0C5300C66FA0 /* Frameworks */,
				D07924AE22ED0C5300C66FA0 /* Resources */,
			);
			buildRules = (
			);
			dependencies = (
			);
			name = "OpenRPG tvOS";
			productName = "OpenRPG tvOS";
			productReference = D07924B022ED0C5300C66FA0 /* OpenRPG.app */;
			productType = "com.apple.product-type.application";
		};
		D07924C122ED0C5400C66FA0 /* OpenRPG macOS */ = {
			isa = PBXNativeTarget;
			buildConfigurationList = D07924EF22ED0C5400C66FA0 /* Build configuration list for PBXNativeTarget "OpenRPG macOS" */;
			buildPhases = (
				D07924BE22ED0C5400C66FA0 /* Sources */,
				D07924BF22ED0C5400C66FA0 /* Frameworks */,
				D07924C022ED0C5400C66FA0 /* Resources */,
			);
			buildRules = (
			);
			dependencies = (
			);
			name = "OpenRPG macOS";
			productName = "OpenRPG macOS";
			productReference = D07924C222ED0C5400C66FA0 /* OpenRPG.app */;
			productType = "com.apple.product-type.application";
		};
/* End PBXNativeTarget section */

/* Begin PBXProject section */
		D079247122ED0C4D00C66FA0 /* Project object */ = {
			isa = PBXProject;
			attributes = {
				LastUpgradeCheck = 1030;
				ORGANIZATIONNAME = "Jordan Peterson";
				TargetAttributes = {
					D079247E22ED0C5300C66FA0 = {
						CreatedOnToolsVersion = 10.3;
					};
					D079249222ED0C5300C66FA0 = {
						CreatedOnToolsVersion = 10.3;
					};
					D079249F22ED0C5300C66FA0 = {
						CreatedOnToolsVersion = 10.3;
					};
					D07924AF22ED0C5300C66FA0 = {
						CreatedOnToolsVersion = 10.3;
					};
					D07924C122ED0C5400C66FA0 = {
						CreatedOnToolsVersion = 10.3;
					};
				};
			};
			buildConfigurationList = D079247422ED0C4D00C66FA0 /* Build configuration list for PBXProject "OpenRPG" */;
			compatibilityVersion = "Xcode 9.3";
			developmentRegion = en;
			hasScannedForEncodings = 0;
			knownRegions = (
				en,
				Base,
			);
			mainGroup = D079247022ED0C4D00C66FA0;
			productRefGroup = D079248022ED0C5300C66FA0 /* Products */;
			projectDirPath = "";
			projectRoot = "";
			targets = (
				D079247E22ED0C5300C66FA0 /* OpenRPG iOS */,
				D079249222ED0C5300C66FA0 /* OpenRPG watchOS App */,
				D079249F22ED0C5300C66FA0 /* OpenRPG watchOS App Extension */,
				D07924AF22ED0C5300C66FA0 /* OpenRPG tvOS */,
				D07924C122ED0C5400C66FA0 /* OpenRPG macOS */,
			);
		};
/* End PBXProject section */

/* Begin PBXResourcesBuildPhase section */
		D079247D22ED0C5300C66FA0 /* Resources */ = {
			isa = PBXResourcesBuildPhase;
			buildActionMask = 2147483647;
			files = (
				D07924D322ED0C5400C66FA0 /* GameScene.sks in Resources */,
				D079248A22ED0C5300C66FA0 /* Main.storyboard in Resources */,
				D07924D022ED0C5400C66FA0 /* Actions.sks in Resources */,
				D079248D22ED0C5300C66FA0 /* LaunchScreen.storyboard in Resources */,
				D07924DB22ED0C5400C66FA0 /* Assets.xcassets in Resources */,
			);
			runOnlyForDeploymentPostprocessing = 0;
		};
		D079249122ED0C5300C66FA0 /* Resources */ = {
			isa = PBXResourcesBuildPhase;
			buildActionMask = 2147483647;
			files = (
				D07924DC22ED0C5400C66FA0 /* Assets.xcassets in Resources */,
				D079249A22ED0C5300C66FA0 /* Interface.storyboard in Resources */,
			);
			runOnlyForDeploymentPostprocessing = 0;
		};
		D079249E22ED0C5300C66FA0 /* Resources */ = {
			isa = PBXResourcesBuildPhase;
			buildActionMask = 2147483647;
			files = (
				D07924D422ED0C5400C66FA0 /* GameScene.sks in Resources */,
			);
			runOnlyForDeploymentPostprocessing = 0;
		};
		D07924AE22ED0C5300C66FA0 /* Resources */ = {
			isa = PBXResourcesBuildPhase;
			buildActionMask = 2147483647;
			files = (
				D07924BA22ED0C5400C66FA0 /* Main.storyboard in Resources */,
				D07924D522ED0C5400C66FA0 /* GameScene.sks in Resources */,
				D07924DD22ED0C5400C66FA0 /* Assets.xcassets in Resources */,
				D07924D122ED0C5400C66FA0 /* Actions.sks in Resources */,
			);
			runOnlyForDeploymentPostprocessing = 0;
		};
		D07924C022ED0C5400C66FA0 /* Resources */ = {
			isa = PBXResourcesBuildPhase;
			buildActionMask = 2147483647;
			files = (
				D07924CC22ED0C5400C66FA0 /* Main.storyboard in Resources */,
				D07924D622ED0C5400C66FA0 /* GameScene.sks in Resources */,
				D07924DE22ED0C5400C66FA0 /* Assets.xcassets in Resources */,
				D07924D222ED0C5400C66FA0 /* Actions.sks in Resources */,
			);
			runOnlyForDeploymentPostprocessing = 0;
		};
/* End PBXResourcesBuildPhase section */

/* Begin PBXSourcesBuildPhase section */
		D079247B22ED0C5300C66FA0 /* Sources */ = {
			isa = PBXSourcesBuildPhase;
			buildActionMask = 2147483647;
			files = (
				D079248722ED0C5300C66FA0 /* GameViewController.m in Sources */,
				D079249022ED0C5300C66FA0 /* main.m in Sources */,
				D07924D722ED0C5400C66FA0 /* GameScene.m in Sources */,
				D079248422ED0C5300C66FA0 /* AppDelegate.m in Sources */,
			);
			runOnlyForDeploymentPostprocessing = 0;
		};
		D079249C22ED0C5300C66FA0 /* Sources */ = {
			isa = PBXSourcesBuildPhase;
			buildActionMask = 2147483647;
			files = (
				D07924AA22ED0C5300C66FA0 /* ExtensionDelegate.m in Sources */,
				D07924D822ED0C5400C66FA0 /* GameScene.m in Sources */,
				D07924A722ED0C5300C66FA0 /* InterfaceController.m in Sources */,
			);
			runOnlyForDeploymentPostprocessing = 0;
		};
		D07924AC22ED0C5300C66FA0 /* Sources */ = {
			isa = PBXSourcesBuildPhase;
			buildActionMask = 2147483647;
			files = (
				D07924B722ED0C5300C66FA0 /* GameViewController.m in Sources */,
				D07924BD22ED0C5400C66FA0 /* main.m in Sources */,
				D07924D922ED0C5400C66FA0 /* GameScene.m in Sources */,
				D07924B422ED0C5300C66FA0 /* AppDelegate.m in Sources */,
			);
			runOnlyForDeploymentPostprocessing = 0;
		};
		D07924BE22ED0C5400C66FA0 /* Sources */ = {
			isa = PBXSourcesBuildPhase;
			buildActionMask = 2147483647;
			files = (
				D07924C922ED0C5400C66FA0 /* GameViewController.m in Sources */,
				D07924CF22ED0C5400C66FA0 /* main.m in Sources */,
				D07924DA22ED0C5400C66FA0 /* GameScene.m in Sources */,
				D07924C622ED0C5400C66FA0 /* AppDelegate.m in Sources */,
			);
			runOnlyForDeploymentPostprocessing = 0;
		};
/* End PBXSourcesBuildPhase section */

/* Begin PBXTargetDependency section */
		D079249622ED0C5300C66FA0 /* PBXTargetDependency */ = {
			isa = PBXTargetDependency;
			target = D079249222ED0C5300C66FA0 /* OpenRPG watchOS App */;
			targetProxy = D079249522ED0C5300C66FA0 /* PBXContainerItemProxy */;
		};
		D07924A322ED0C5300C66FA0 /* PBXTargetDependency */ = {
			isa = PBXTargetDependency;
			target = D079249F22ED0C5300C66FA0 /* OpenRPG watchOS App Extension */;
			targetProxy = D07924A222ED0C5300C66FA0 /* PBXContainerItemProxy */;
		};
/* End PBXTargetDependency section */

/* Begin PBXVariantGroup section */
		D079248822ED0C5300C66FA0 /* Main.storyboard */ = {
			isa = PBXVariantGroup;
			children = (
				D079248922ED0C5300C66FA0 /* Base */,
			);
			name = Main.storyboard;
			sourceTree = "<group>";
		};
		D079248B22ED0C5300C66FA0 /* LaunchScreen.storyboard */ = {
			isa = PBXVariantGroup;
			children = (
				D079248C22ED0C5300C66FA0 /* Base */,
			);
			name = LaunchScreen.storyboard;
			sourceTree = "<group>";
		};
		D079249822ED0C5300C66FA0 /* Interface.storyboard */ = {
			isa = PBXVariantGroup;
			children = (
				D079249922ED0C5300C66FA0 /* Base */,
			);
			name = Interface.storyboard;
			sourceTree = "<group>";
		};
		D07924B822ED0C5300C66FA0 /* Main.storyboard */ = {
			isa = PBXVariantGroup;
			children = (
				D07924B922ED0C5300C66FA0 /* Base */,
			);
			name = Main.storyboard;
			sourceTree = "<group>";
		};
		D07924CA22ED0C5400C66FA0 /* Main.storyboard */ = {
			isa = PBXVariantGroup;
			children = (
				D07924CB22ED0C5400C66FA0 /* Base */,
			);
			name = Main.storyboard;
			sourceTree = "<group>";
		};
/* End PBXVariantGroup section */

/* Begin XCBuildConfiguration section */
		D07924DF22ED0C5400C66FA0 /* Debug */ = {
			isa = XCBuildConfiguration;
			buildSettings = {
				ALWAYS_SEARCH_USER_PATHS = NO;
				CLANG_ANALYZER_NONNULL = YES;
				CLANG_ANALYZER_NUMBER_OBJECT_CONVERSION = YES_AGGRESSIVE;
				CLANG_CXX_LANGUAGE_STANDARD = "gnu++14";
				CLANG_CXX_LIBRARY = "libc++";
				CLANG_ENABLE_MODULES = YES;
				CLANG_ENABLE_OBJC_ARC = YES;
				CLANG_ENABLE_OBJC_WEAK = YES;
				CLANG_WARN_BLOCK_CAPTURE_AUTORELEASING = YES;
				CLANG_WARN_BOOL_CONVERSION = YES;
				CLANG_WARN_COMMA = YES;
				CLANG_WARN_CONSTANT_CONVERSION = YES;
				CLANG_WARN_DEPRECATED_OBJC_IMPLEMENTATIONS = YES;
				CLANG_WARN_DIRECT_OBJC_ISA_USAGE = YES_ERROR;
				CLANG_WARN_DOCUMENTATION_COMMENTS = YES;
				CLANG_WARN_EMPTY_BODY = YES;
				CLANG_WARN_ENUM_CONVERSION = YES;
				CLANG_WARN_INFINITE_RECURSION = YES;
				CLANG_WARN_INT_CONVERSION = YES;
				CLANG_WARN_NON_LITERAL_NULL_CONVERSION = YES;
				CLANG_WARN_OBJC_IMPLICIT_RETAIN_SELF = YES;
				CLANG_WARN_OBJC_LITERAL_CONVERSION = YES;
				CLANG_WARN_OBJC_ROOT_CLASS = YES_ERROR;
				CLANG_WARN_RANGE_LOOP_ANALYSIS = YES;
				CLANG_WARN_STRICT_PROTOTYPES = YES;
				CLANG_WARN_SUSPICIOUS_MOVE = YES;
				CLANG_WARN_UNGUARDED_AVAILABILITY = YES_AGGRESSIVE;
				CLANG_WARN_UNREACHABLE_CODE = YES;
				CLANG_WARN__DUPLICATE_METHOD_MATCH = YES;
				COPY_PHASE_STRIP = NO;
				DEBUG_INFORMATION_FORMAT = dwarf;
				ENABLE_STRICT_OBJC_MSGSEND = YES;
				ENABLE_TESTABILITY = YES;
				GCC_C_LANGUAGE_STANDARD = gnu11;
				GCC_DYNAMIC_NO_PIC = NO;
				GCC_NO_COMMON_BLOCKS = YES;
				GCC_OPTIMIZATION_LEVEL = 0;
				GCC_PREPROCESSOR_DEFINITIONS = (
					"DEBUG=1",
					"$(inherited)",
				);
				GCC_WARN_64_TO_32_BIT_CONVERSION = YES;
				GCC_WARN_ABOUT_RETURN_TYPE = YES_ERROR;
				GCC_WARN_UNDECLARED_SELECTOR = YES;
				GCC_WARN_UNINITIALIZED_AUTOS = YES_AGGRESSIVE;
				GCC_WARN_UNUSED_FUNCTION = YES;
				GCC_WARN_UNUSED_VARIABLE = YES;
				MTL_ENABLE_DEBUG_INFO = INCLUDE_SOURCE;
				MTL_FAST_MATH = YES;
				ONLY_ACTIVE_ARCH = YES;
			};
			name = Debug;
		};
		D07924E022ED0C5400C66FA0 /* Release */ = {
			isa = XCBuildConfiguration;
			buildSettings = {
				ALWAYS_SEARCH_USER_PATHS = NO;
				CLANG_ANALYZER_NONNULL = YES;
				CLANG_ANALYZER_NUMBER_OBJECT_CONVERSION = YES_AGGRESSIVE;
				CLANG_CXX_LANGUAGE_STANDARD = "gnu++14";
				CLANG_CXX_LIBRARY = "libc++";
				CLANG_ENABLE_MODULES = YES;
				CLANG_ENABLE_OBJC_ARC = YES;
				CLANG_ENABLE_OBJC_WEAK = YES;
				CLANG_WARN_BLOCK_CAPTURE_AUTORELEASING = YES;
				CLANG_WARN_BOOL_CONVERSION = YES;
				CLANG_WARN_COMMA = YES;
				CLANG_WARN_CONSTANT_CONVERSION = YES;
				CLANG_WARN_DEPRECATED_OBJC_IMPLEMENTATIONS = YES;
				CLANG_WARN_DIRECT_OBJC_ISA_USAGE = YES_ERROR;
				CLANG_WARN_DOCUMENTATION_COMMENTS = YES;
				CLANG_WARN_EMPTY_BODY = YES;
				CLANG_WARN_ENUM_CONVERSION = YES;
				CLANG_WARN_INFINITE_RECURSION = YES;
				CLANG_WARN_INT_CONVERSION = YES;
				CLANG_WARN_NON_LITERAL_NULL_CONVERSION = YES;
				CLANG_WARN_OBJC_IMPLICIT_RETAIN_SELF = YES;
				CLANG_WARN_OBJC_LITERAL_CONVERSION = YES;
				CLANG_WARN_OBJC_ROOT_CLASS = YES_ERROR;
				CLANG_WARN_RANGE_LOOP_ANALYSIS = YES;
				CLANG_WARN_STRICT_PROTOTYPES = YES;
				CLANG_WARN_SUSPICIOUS_MOVE = YES;
				CLANG_WARN_UNGUARDED_AVAILABILITY = YES_AGGRESSIVE;
				CLANG_WARN_UNREACHABLE_CODE = YES;
				CLANG_WARN__DUPLICATE_METHOD_MATCH = YES;
				COPY_PHASE_STRIP = NO;
				DEBUG_INFORMATION_FORMAT = "dwarf-with-dsym";
				ENABLE_NS_ASSERTIONS = NO;
				ENABLE_STRICT_OBJC_MSGSEND = YES;
				GCC_C_LANGUAGE_STANDARD = gnu11;
				GCC_NO_COMMON_BLOCKS = YES;
				GCC_WARN_64_TO_32_BIT_CONVERSION = YES;
				GCC_WARN_ABOUT_RETURN_TYPE = YES_ERROR;
				GCC_WARN_UNDECLARED_SELECTOR = YES;
				GCC_WARN_UNINITIALIZED_AUTOS = YES_AGGRESSIVE;
				GCC_WARN_UNUSED_FUNCTION = YES;
				GCC_WARN_UNUSED_VARIABLE = YES;
				MTL_ENABLE_DEBUG_INFO = NO;
				MTL_FAST_MATH = YES;
			};
			name = Release;
		};
		D07924E222ED0C5400C66FA0 /* Debug */ = {
			isa = XCBuildConfiguration;
			buildSettings = {
				CODE_SIGN_IDENTITY = "iPhone Developer";
				CODE_SIGN_STYLE = Automatic;
				INFOPLIST_FILE = "OpenRPG watchOS App Extension/Info.plist";
				LD_RUNPATH_SEARCH_PATHS = (
					"$(inherited)",
					"@executable_path/Frameworks",
					"@executable_path/../../Frameworks",
				);
				PRODUCT_BUNDLE_IDENTIFIER = Knyght.OpenRPG.watchkitapp.watchkitextension;
				PRODUCT_NAME = "OpenRPG Extension";
				SDKROOT = watchos;
				SKIP_INSTALL = YES;
				TARGETED_DEVICE_FAMILY = 4;
				WATCHOS_DEPLOYMENT_TARGET = 5.3;
			};
			name = Debug;
		};
		D07924E322ED0C5400C66FA0 /* Release */ = {
			isa = XCBuildConfiguration;
			buildSettings = {
				CODE_SIGN_IDENTITY = "iPhone Developer";
				CODE_SIGN_STYLE = Automatic;
				INFOPLIST_FILE = "OpenRPG watchOS App Extension/Info.plist";
				LD_RUNPATH_SEARCH_PATHS = (
					"$(inherited)",
					"@executable_path/Frameworks",
					"@executable_path/../../Frameworks",
				);
				PRODUCT_BUNDLE_IDENTIFIER = Knyght.OpenRPG.watchkitapp.watchkitextension;
				PRODUCT_NAME = "OpenRPG Extension";
				SDKROOT = watchos;
				SKIP_INSTALL = YES;
				TARGETED_DEVICE_FAMILY = 4;
				VALIDATE_PRODUCT = YES;
				WATCHOS_DEPLOYMENT_TARGET = 5.3;
			};
			name = Release;
		};
		D07924E622ED0C5400C66FA0 /* Debug */ = {
			isa = XCBuildConfiguration;
			buildSettings = {
				ASSETCATALOG_COMPILER_APPICON_NAME = AppIcon;
				CODE_SIGN_IDENTITY = "iPhone Developer";
				CODE_SIGN_STYLE = Automatic;
				IBSC_MODULE = OpenRPG_Extension;
				INFOPLIST_FILE = "OpenRPG watchOS App/Info.plist";
				PRODUCT_BUNDLE_IDENTIFIER = Knyght.OpenRPG.watchkitapp;
				PRODUCT_NAME = OpenRPG;
				SDKROOT = watchos;
				SKIP_INSTALL = YES;
				TARGETED_DEVICE_FAMILY = 4;
				WATCHOS_DEPLOYMENT_TARGET = 5.3;
			};
			name = Debug;
		};
		D07924E722ED0C5400C66FA0 /* Release */ = {
			isa = XCBuildConfiguration;
			buildSettings = {
				ASSETCATALOG_COMPILER_APPICON_NAME = AppIcon;
				CODE_SIGN_IDENTITY = "iPhone Developer";
				CODE_SIGN_STYLE = Automatic;
				IBSC_MODULE = OpenRPG_Extension;
				INFOPLIST_FILE = "OpenRPG watchOS App/Info.plist";
				PRODUCT_BUNDLE_IDENTIFIER = Knyght.OpenRPG.watchkitapp;
				PRODUCT_NAME = OpenRPG;
				SDKROOT = watchos;
				SKIP_INSTALL = YES;
				TARGETED_DEVICE_FAMILY = 4;
				VALIDATE_PRODUCT = YES;
				WATCHOS_DEPLOYMENT_TARGET = 5.3;
			};
			name = Release;
		};
		D07924EA22ED0C5400C66FA0 /* Debug */ = {
			isa = XCBuildConfiguration;
			buildSettings = {
				ASSETCATALOG_COMPILER_APPICON_NAME = AppIcon;
				CODE_SIGN_IDENTITY = "iPhone Developer";
				CODE_SIGN_STYLE = Automatic;
				INFOPLIST_FILE = "OpenRPG iOS/Info.plist";
				IPHONEOS_DEPLOYMENT_TARGET = 12.4;
				LD_RUNPATH_SEARCH_PATHS = (
					"$(inherited)",
					"@executable_path/Frameworks",
				);
				PRODUCT_BUNDLE_IDENTIFIER = Knyght.OpenRPG;
				PRODUCT_NAME = OpenRPG;
				SDKROOT = iphoneos;
				TARGETED_DEVICE_FAMILY = "1,2";
			};
			name = Debug;
		};
		D07924EB22ED0C5400C66FA0 /* Release */ = {
			isa = XCBuildConfiguration;
			buildSettings = {
				ASSETCATALOG_COMPILER_APPICON_NAME = AppIcon;
				CODE_SIGN_IDENTITY = "iPhone Developer";
				CODE_SIGN_STYLE = Automatic;
				INFOPLIST_FILE = "OpenRPG iOS/Info.plist";
				IPHONEOS_DEPLOYMENT_TARGET = 12.4;
				LD_RUNPATH_SEARCH_PATHS = (
					"$(inherited)",
					"@executable_path/Frameworks",
				);
				PRODUCT_BUNDLE_IDENTIFIER = Knyght.OpenRPG;
				PRODUCT_NAME = OpenRPG;
				SDKROOT = iphoneos;
				TARGETED_DEVICE_FAMILY = "1,2";
				VALIDATE_PRODUCT = YES;
			};
			name = Release;
		};
		D07924ED22ED0C5400C66FA0 /* Debug */ = {
			isa = XCBuildConfiguration;
			buildSettings = {
				ASSETCATALOG_COMPILER_APPICON_NAME = "tvOS App Icon & Top Shelf Image";
				ASSETCATALOG_COMPILER_LAUNCHIMAGE_NAME = "tvOS LaunchImage";
				CODE_SIGN_STYLE = Automatic;
				INFOPLIST_FILE = "OpenRPG tvOS/Info.plist";
				LD_RUNPATH_SEARCH_PATHS = (
					"$(inherited)",
					"@executable_path/Frameworks",
				);
				PRODUCT_BUNDLE_IDENTIFIER = Knyght.OpenRPG;
				PRODUCT_NAME = OpenRPG;
				SDKROOT = appletvos;
				TARGETED_DEVICE_FAMILY = 3;
				TVOS_DEPLOYMENT_TARGET = 12.4;
			};
			name = Debug;
		};
		D07924EE22ED0C5400C66FA0 /* Release */ = {
			isa = XCBuildConfiguration;
			buildSettings = {
				ASSETCATALOG_COMPILER_APPICON_NAME = "tvOS App Icon & Top Shelf Image";
				ASSETCATALOG_COMPILER_LAUNCHIMAGE_NAME = "tvOS LaunchImage";
				CODE_SIGN_STYLE = Automatic;
				INFOPLIST_FILE = "OpenRPG tvOS/Info.plist";
				LD_RUNPATH_SEARCH_PATHS = (
					"$(inherited)",
					"@executable_path/Frameworks",
				);
				PRODUCT_BUNDLE_IDENTIFIER = Knyght.OpenRPG;
				PRODUCT_NAME = OpenRPG;
				SDKROOT = appletvos;
				TARGETED_DEVICE_FAMILY = 3;
				TVOS_DEPLOYMENT_TARGET = 12.4;
				VALIDATE_PRODUCT = YES;
			};
			name = Release;
		};
		D07924F022ED0C5400C66FA0 /* Debug */ = {
			isa = XCBuildConfiguration;
			buildSettings = {
				ASSETCATALOG_COMPILER_APPICON_NAME = AppIcon;
				CODE_SIGN_IDENTITY = "-";
				CODE_SIGN_STYLE = Automatic;
				COMBINE_HIDPI_IMAGES = YES;
				INFOPLIST_FILE = "OpenRPG macOS/Info.plist";
				LD_RUNPATH_SEARCH_PATHS = (
					"$(inherited)",
					"@executable_path/../Frameworks",
				);
				MACOSX_DEPLOYMENT_TARGET = 10.14;
				PRODUCT_BUNDLE_IDENTIFIER = Knyght.OpenRPG;
				PRODUCT_NAME = OpenRPG;
				SDKROOT = macosx;
			};
			name = Debug;
		};
		D07924F122ED0C5400C66FA0 /* Release */ = {
			isa = XCBuildConfiguration;
			buildSettings = {
				ASSETCATALOG_COMPILER_APPICON_NAME = AppIcon;
				CODE_SIGN_IDENTITY = "-";
				CODE_SIGN_STYLE = Automatic;
				COMBINE_HIDPI_IMAGES = YES;
				INFOPLIST_FILE = "OpenRPG macOS/Info.plist";
				LD_RUNPATH_SEARCH_PATHS = (
					"$(inherited)",
					"@executable_path/../Frameworks",
				);
				MACOSX_DEPLOYMENT_TARGET = 10.14;
				PRODUCT_BUNDLE_IDENTIFIER = Knyght.OpenRPG;
				PRODUCT_NAME = OpenRPG;
				SDKROOT = macosx;
			};
			name = Release;
		};
/* End XCBuildConfiguration section */

/* Begin XCConfigurationList section */
		D079247422ED0C4D00C66FA0 /* Build configuration list for PBXProject "OpenRPG" */ = {
			isa = XCConfigurationList;
			buildConfigurations = (
				D07924DF22ED0C5400C66FA0 /* Debug */,
				D07924E022ED0C5400C66FA0 /* Release */,
			);
			defaultConfigurationIsVisible = 0;
			defaultConfigurationName = Release;
		};
		D07924E122ED0C5400C66FA0 /* Build configuration list for PBXNativeTarget "OpenRPG watchOS App Extension" */ = {
			isa = XCConfigurationList;
			buildConfigurations = (
				D07924E222ED0C5400C66FA0 /* Debug */,
				D07924E322ED0C5400C66FA0 /* Release */,
			);
			defaultConfigurationIsVisible = 0;
			defaultConfigurationName = Release;
		};
		D07924E522ED0C5400C66FA0 /* Build configuration list for PBXNativeTarget "OpenRPG watchOS App" */ = {
			isa = XCConfigurationList;
			buildConfigurations = (
				D07924E622ED0C5400C66FA0 /* Debug */,
				D07924E722ED0C5400C66FA0 /* Release */,
			);
			defaultConfigurationIsVisible = 0;
			defaultConfigurationName = Release;
		};
		D07924E922ED0C5400C66FA0 /* Build configuration list for PBXNativeTarget "OpenRPG iOS" */ = {
			isa = XCConfigurationList;
			buildConfigurations = (
				D07924EA22ED0C5400C66FA0 /* Debug */,
				D07924EB22ED0C5400C66FA0 /* Release */,
			);
			defaultConfigurationIsVisible = 0;
			defaultConfigurationName = Release;
		};
		D07924EC22ED0C5400C66FA0 /* Build configuration list for PBXNativeTarget "OpenRPG tvOS" */ = {
			isa = XCConfigurationList;
			buildConfigurations = (
				D07924ED22ED0C5400C66FA0 /* Debug */,
				D07924EE22ED0C5400C66FA0 /* Release */,
			);
			defaultConfigurationIsVisible = 0;
			defaultConfigurationName = Release;
		};
		D07924EF22ED0C5400C66FA0 /* Build configuration list for PBXNativeTarget "OpenRPG macOS" */ = {
			isa = XCConfigurationList;
			buildConfigurations = (
				D07924F022ED0C5400C66FA0 /* Debug */,
				D07924F122ED0C5400C66FA0 /* Release */,
			);
			defaultConfigurationIsVisible = 0;
			defaultConfigurationName = Release;
		};
/* End XCConfigurationList section */
	};
	rootObject = D079247122ED0C4D00C66FA0 /* Project object */;
}
